
Microsoft Visual Studio Solution File, Format Version 12.00
# Visual Studio 2013
VisualStudioVersion = 12.0.21005.1
MinimumVisualStudioVersion = 10.0.40219.1
Project("{FAE04EC0-301F-11D3-BF4B-00C04F79EFBC}") = "SMS-x32", "SMS\SMS-x32.csproj", "{AD387866-6BB9-4DB0-9BA4-8F4916748FE4}"
EndProject
Project("{FAE04EC0-301F-11D3-BF4B-00C04F79EFBC}") = "SMS-x64", "SMS\SMS-x64.csproj", "{2BE37DA7-B9E5-4E0E-962D-58EF827567B9}"
EndProject
Project("{FAE04EC0-301F-11D3-BF4B-00C04F79EFBC}") = "CSMS.DataAccess", "CSMS.DataAccess\CSMS.DataAccess.csproj", "{6AF357FC-F5A8-4A1B-9E33-0E696466CE40}"
EndProject
Project("{FAE04EC0-301F-11D3-BF4B-00C04F79EFBC}") = "CSMS.Entities", "CSMS.Entities\CSMS.Entities.csproj", "{73F87793-6797-4A11-A2B4-35DF8AE7F9A7}"
EndProject
Global
	GlobalSection(SolutionConfigurationPlatforms) = preSolution
		Debug|Any CPU = Debug|Any CPU
		Debug|x86 = Debug|x86
		Release|Any CPU = Release|Any CPU
		Release|x86 = Release|x86
		SingleImage|Any CPU = SingleImage|Any CPU
		SingleImage|x86 = SingleImage|x86
	EndGlobalSection
	GlobalSection(ProjectConfigurationPlatforms) = postSolution
		{AD387866-6BB9-4DB0-9BA4-8F4916748FE4}.Debug|Any CPU.ActiveCfg = Debug|Any CPU
		{AD387866-6BB9-4DB0-9BA4-8F4916748FE4}.Debug|Any CPU.Build.0 = Debug|Any CPU
		{AD387866-6BB9-4DB0-9BA4-8F4916748FE4}.Debug|x86.ActiveCfg = Debug|Any CPU
		{AD387866-6BB9-4DB0-9BA4-8F4916748FE4}.Debug|x86.Build.0 = Debug|Any CPU
		{AD387866-6BB9-4DB0-9BA4-8F4916748FE4}.Release|Any CPU.ActiveCfg = Release|Any CPU
		{AD387866-6BB9-4DB0-9BA4-8F4916748FE4}.Release|Any CPU.Build.0 = Release|Any CPU
		{AD387866-6BB9-4DB0-9BA4-8F4916748FE4}.Release|x86.ActiveCfg = Release|x86
		{AD387866-6BB9-4DB0-9BA4-8F4916748FE4}.Release|x86.Build.0 = Release|x86
		{AD387866-6BB9-4DB0-9BA4-8F4916748FE4}.SingleImage|Any CPU.ActiveCfg = Debug|Any CPU
		{AD387866-6BB9-4DB0-9BA4-8F4916748FE4}.SingleImage|Any CPU.Build.0 = Debug|Any CPU
		{AD387866-6BB9-4DB0-9BA4-8F4916748FE4}.SingleImage|x86.ActiveCfg = Debug|x86
		{AD387866-6BB9-4DB0-9BA4-8F4916748FE4}.SingleImage|x86.Build.0 = Debug|x86
		{2BE37DA7-B9E5-4E0E-962D-58EF827567B9}.Debug|Any CPU.ActiveCfg = Debug|Any CPU
		{2BE37DA7-B9E5-4E0E-962D-58EF827567B9}.Debug|Any CPU.Build.0 = Debug|Any CPU
		{2BE37DA7-B9E5-4E0E-962D-58EF827567B9}.Debug|x86.ActiveCfg = Debug|x86
		{2BE37DA7-B9E5-4E0E-962D-58EF827567B9}.Debug|x86.Build.0 = Debug|x86
		{2BE37DA7-B9E5-4E0E-962D-58EF827567B9}.Release|Any CPU.ActiveCfg = Release|Any CPU
		{2BE37DA7-B9E5-4E0E-962D-58EF827567B9}.Release|Any CPU.Build.0 = Release|Any CPU
		{2BE37DA7-B9E5-4E0E-962D-58EF827567B9}.Release|x86.ActiveCfg = Release|x86
		{2BE37DA7-B9E5-4E0E-962D-58EF827567B9}.Release|x86.Build.0 = Release|x86
		{2BE37DA7-B9E5-4E0E-962D-58EF827567B9}.SingleImage|Any CPU.ActiveCfg = Debug|Any CPU
		{2BE37DA7-B9E5-4E0E-962D-58EF827567B9}.SingleImage|Any CPU.Build.0 = Debug|Any CPU
		{2BE37DA7-B9E5-4E0E-962D-58EF827567B9}.SingleImage|x86.ActiveCfg = dd|x86
		{2BE37DA7-B9E5-4E0E-962D-58EF827567B9}.SingleImage|x86.Build.0 = dd|x86
		{6AF357FC-F5A8-4A1B-9E33-0E696466CE40}.Debug|Any CPU.ActiveCfg = Debug|Any CPU
		{6AF357FC-F5A8-4A1B-9E33-0E696466CE40}.Debug|Any CPU.Build.0 = Debug|Any CPU
		{6AF357FC-F5A8-4A1B-9E33-0E696466CE40}.Debug|x86.ActiveCfg = Debug|Any CPU
		{6AF357FC-F5A8-4A1B-9E33-0E696466CE40}.Release|Any CPU.ActiveCfg = Release|Any CPU
		{6AF357FC-F5A8-4A1B-9E33-0E696466CE40}.Release|Any CPU.Build.0 = Release|Any CPU
		{6AF357FC-F5A8-4A1B-9E33-0E696466CE40}.Release|x86.ActiveCfg = Release|Any CPU
		{6AF357FC-F5A8-4A1B-9E33-0E696466CE40}.SingleImage|Any CPU.ActiveCfg = Release|Any CPU
		{6AF357FC-F5A8-4A1B-9E33-0E696466CE40}.SingleImage|Any CPU.Build.0 = Release|Any CPU
		{6AF357FC-F5A8-4A1B-9E33-0E696466CE40}.SingleImage|x86.ActiveCfg = Release|Any CPU
		{73F87793-6797-4A11-A2B4-35DF8AE7F9A7}.Debug|Any CPU.ActiveCfg = Debug|Any CPU
		{73F87793-6797-4A11-A2B4-35DF8AE7F9A7}.Debug|Any CPU.Build.0 = Debug|Any CPU
		{73F87793-6797-4A11-A2B4-35DF8AE7F9A7}.Debug|x86.ActiveCfg = Debug|Any CPU
		{73F87793-6797-4A11-A2B4-35DF8AE7F9A7}.Release|Any CPU.ActiveCfg = Release|Any CPU
		{73F87793-6797-4A11-A2B4-35DF8AE7F9A7}.Release|Any CPU.Build.0 = Release|Any CPU
		{73F87793-6797-4A11-A2B4-35DF8AE7F9A7}.Release|x86.ActiveCfg = Release|Any CPU
		{73F87793-6797-4A11-A2B4-35DF8AE7F9A7}.SingleImage|Any CPU.ActiveCfg = Release|Any CPU
		{73F87793-6797-4A11-A2B4-35DF8AE7F9A7}.SingleImage|Any CPU.Build.0 = Release|Any CPU
		{73F87793-6797-4A11-A2B4-35DF8AE7F9A7}.SingleImage|x86.ActiveCfg = Release|Any CPU
	EndGlobalSection
	GlobalSection(SolutionProperties) = preSolution
		HideSolutionNode = FALSE
	EndGlobalSection
EndGlobal
